<?xml version="1.0" encoding="utf-8"?>
<Project ToolsVersion="4.0" xmlns="http://schemas.microsoft.com/developer/msbuild/2003">
  <ItemGroup>
    <Filter Include="Ducky">
      <UniqueIdentifier>{255E0F0D-9172-37BE-5AF4-DA1DC6C733EF}</UniqueIdentifier>
    </Filter>
    <Filter Include="Ducky\Events">
      <UniqueIdentifier>{690E5303-5571-E2A7-FEF6-1A5EEA38AE2A}</UniqueIdentifier>
    </Filter>
    <Filter Include="Platform">
      <UniqueIdentifier>{2AC788B4-1694-E3BF-3FAD-D1672BD9184E}</UniqueIdentifier>
    </Filter>
    <Filter Include="Platform\Windows">
      <UniqueIdentifier>{64FBD71A-50F4-F66C-7926-DCF1657ED678}</UniqueIdentifier>
    </Filter>
  </ItemGroup>
  <ItemGroup>
    <ClInclude Include="src\Ducky.h" />
    <ClInclude Include="src\Ducky\Application.h">
      <Filter>Ducky</Filter>
    </ClInclude>
    <ClInclude Include="src\Ducky\Core.h">
      <Filter>Ducky</Filter>
    </ClInclude>
    <ClInclude Include="src\Ducky\EntryPoint.h">
      <Filter>Ducky</Filter>
    </ClInclude>
    <ClInclude Include="src\Ducky\Events\ApplicationEvent.h">
      <Filter>Ducky\Events</Filter>
    </ClInclude>
    <ClInclude Include="src\Ducky\Events\Event.h">
      <Filter>Ducky\Events</Filter>
    </ClInclude>
    <ClInclude Include="src\Ducky\Events\KeyEvent.h">
      <Filter>Ducky\Events</Filter>
    </ClInclude>
    <ClInclude Include="src\Ducky\Events\MouseEvent.h">
      <Filter>Ducky\Events</Filter>
    </ClInclude>
    <ClInclude Include="src\Ducky\Log.h">
      <Filter>Ducky</Filter>
    </ClInclude>
    <ClInclude Include="src\Ducky\Window.h">
      <Filter>Ducky</Filter>
    </ClInclude>
    <ClInclude Include="src\Platform\Windows\WindowsWindow.h">
      <Filter>Platform\Windows</Filter>
    </ClInclude>
    <ClInclude Include="src\dkpch.h" />
  </ItemGroup>
  <ItemGroup>
    <ClCompile Include="src\Ducky\Application.cpp">
      <Filter>Ducky</Filter>
    </ClCompile>
    <ClCompile Include="src\Ducky\Log.cpp">
      <Filter>Ducky</Filter>
    </ClCompile>
    <ClCompile Include="src\Platform\Windows\WindowsWindow.cpp">
      <Filter>Platform\Windows</Filter>
    </ClCompile>
    <ClCompile Include="src\dkpch.cpp" />
  </ItemGroup>
</Project>